
Microsoft Visual Studio Solution File, Format Version 12.00
# Visual Studio Version 17
VisualStudioVersion = 17.1.32228.430
MinimumVisualStudioVersion = 10.0.40219.1
Project("{9A19103F-16F7-4668-BE54-9A1E7A4F7556}") = "Scraper", "Scraper\Scraper.csproj", "{82574A16-5D7F-49F5-B294-0400D41AC790}"
EndProject
Project("{9A19103F-16F7-4668-BE54-9A1E7A4F7556}") = "Shared", "Shared\Shared.csproj", "{B51A7758-B7ED-45F8-9DD9-566018388F9B}"
EndProject
Project("{FAE04EC0-301F-11D3-BF4B-00C04F79EFBC}") = "Sender", "Sender\Sender.csproj", "{07282C14-6891-4737-BF83-8B19E7639C23}"
EndProject
Project("{2150E333-8FDC-42A3-9474-1A3956D46DE8}") = "rabbitmq", "rabbitmq", "{2C0F9308-EC30-4050-BD29-6CAC1A4FBD3E}"
EndProject
Project("{2150E333-8FDC-42A3-9474-1A3956D46DE8}") = "etc", "etc", "{69F61257-9C9C-4423-B35F-D3D6336E205C}"
EndProject
Global
	GlobalSection(SolutionConfigurationPlatforms) = preSolution
		Debug|Any CPU = Debug|Any CPU
		Release|Any CPU = Release|Any CPU
	EndGlobalSection
	GlobalSection(ProjectConfigurationPlatforms) = postSolution
		{82574A16-5D7F-49F5-B294-0400D41AC790}.Debug|Any CPU.ActiveCfg = Debug|Any CPU
		{82574A16-5D7F-49F5-B294-0400D41AC790}.Debug|Any CPU.Build.0 = Debug|Any CPU
		{82574A16-5D7F-49F5-B294-0400D41AC790}.Release|Any CPU.ActiveCfg = Release|Any CPU
		{82574A16-5D7F-49F5-B294-0400D41AC790}.Release|Any CPU.Build.0 = Release|Any CPU
		{B51A7758-B7ED-45F8-9DD9-566018388F9B}.Debug|Any CPU.ActiveCfg = Debug|Any CPU
		{B51A7758-B7ED-45F8-9DD9-566018388F9B}.Debug|Any CPU.Build.0 = Debug|Any CPU
		{B51A7758-B7ED-45F8-9DD9-566018388F9B}.Release|Any CPU.ActiveCfg = Release|Any CPU
		{B51A7758-B7ED-45F8-9DD9-566018388F9B}.Release|Any CPU.Build.0 = Release|Any CPU
		{07282C14-6891-4737-BF83-8B19E7639C23}.Debug|Any CPU.ActiveCfg = Debug|Any CPU
		{07282C14-6891-4737-BF83-8B19E7639C23}.Debug|Any CPU.Build.0 = Debug|Any CPU
		{07282C14-6891-4737-BF83-8B19E7639C23}.Release|Any CPU.ActiveCfg = Release|Any CPU
		{07282C14-6891-4737-BF83-8B19E7639C23}.Release|Any CPU.Build.0 = Release|Any CPU
	EndGlobalSection
	GlobalSection(SolutionProperties) = preSolution
		HideSolutionNode = FALSE
	EndGlobalSection
	GlobalSection(NestedProjects) = preSolution
		{69F61257-9C9C-4423-B35F-D3D6336E205C} = {2C0F9308-EC30-4050-BD29-6CAC1A4FBD3E}
	EndGlobalSection
	GlobalSection(ExtensibilityGlobals) = postSolution
		SolutionGuid = {06E025D6-F9B5-45D8-AB65-805FC4F015D1}
	EndGlobalSection
EndGlobal
